schema: '2.0'
stages:
  load_data:
    cmd: python src/load_data.py --config=param.yaml
    deps:
    - path: data_given/winequality_red.csv
      md5: 6a883fd98624e18c0b7ce251f4fab4fb
      size: 100951
    - path: src/get_data.py
      md5: 38410e3a74b8441263d9f3b678981d1b
      size: 730
    - path: src/load_data.py
      md5: 602009a96e36bb893a8a9599fbd19d2c
      size: 557
    outs:
    - path: data/raw/winequlity_red.csv
      md5: b81c95040ccc1f04820095a237ba3c61
      size: 93485
  split_data:
    cmd: python src/split_data.py --config=param.yaml
    deps:
    - path: data/raw/winequlity_red.csv
      md5: b81c95040ccc1f04820095a237ba3c61
      size: 93485
    - path: src/split_data.py
      md5: 302519b6dd6cfde6c9580a01709a23ec
      size: 953
    outs:
    - path: data/processed/test_winequality.csv
      md5: 472680acba6b319954cdc6bd314de3a2
      size: 20085
    - path: data/processed/train_winequality.csv
      md5: e82334beca385cadb4e66935f8125ab6
      size: 80433
  train_and_evaluate:
    cmd: python src/train_and_evaluate.py --config=param.yaml
    deps:
    - path: data/processed/test_winequality.csv
      md5: 472680acba6b319954cdc6bd314de3a2
      size: 20085
    - path: data/processed/train_winequality.csv
      md5: e82334beca385cadb4e66935f8125ab6
      size: 80433
    - path: src/train_and_evaluate.py
      md5: 102cbc0c5b381e9ae93f9b2061c3c3d8
      size: 2442
    params:
      params.yaml:
        estimators.ElasticNet.params.alpha: 0.9
        estimators.ElasticNet.params.l1_ratio: 0.6
    outs:
    - path: report/params.json
      md5: a1be58e710017ca4e477767110c4d69f
      size: 41
    - path: report/scores.json
      md5: 87851ffa1f6df34c9351d8941400793b
      size: 95
    - path: saved_models/model.joblib
      md5: aad4bf6e9589ea3f9211b57954dc183b
      size: 1341
